Microsoft Visual Studio Solution File, Format Version 12.00
# Visual Studio Version 16
VisualStudioVersion = 16.0.30128.74
MinimumVisualStudioVersion = 10.0.40219.1
Project("{9A19103F-16F7-4668-BE54-9A1E7A4F7556}") = "Common", "src\Common\Common.csproj", "{C007D19C-35F2-4C55-9DBA-D9FA3A712E50}"
EndProject
Project("{9A19103F-16F7-4668-BE54-9A1E7A4F7556}") = "Common.Tests", "src\Common.Tests\Common.Tests.csproj", "{3D5B5EC1-0DEA-42CC-AF41-E34771B8AF8F}"
EndProject
Project("{9A19103F-16F7-4668-BE54-9A1E7A4F7556}") = "NasSaveLog", "src\NasSaveLog\NasSaveLog.csproj", "{76646D7B-EA74-4249-9932-2E9C3B63CF17}"
EndProject
Project("{9A19103F-16F7-4668-BE54-9A1E7A4F7556}") = "NasSaveLog.Tests", "src\NasSaveLog.Tests\NasSaveLog.Tests.csproj", "{872AFB49-0F59-4D17-848D-A9C6D5DF610D}"
EndProject
Global
	GlobalSection(SolutionConfigurationPlatforms) = preSolution
		Debug|Any CPU = Debug|Any CPU
		Release|Any CPU = Release|Any CPU
	EndGlobalSection
	GlobalSection(ProjectConfigurationPlatforms) = postSolution
		{C007D19C-35F2-4C55-9DBA-D9FA3A712E50}.Debug|Any CPU.ActiveCfg = Debug|Any CPU
		{C007D19C-35F2-4C55-9DBA-D9FA3A712E50}.Debug|Any CPU.Build.0 = Debug|Any CPU
		{C007D19C-35F2-4C55-9DBA-D9FA3A712E50}.Release|Any CPU.ActiveCfg = Release|Any CPU
		{C007D19C-35F2-4C55-9DBA-D9FA3A712E50}.Release|Any CPU.Build.0 = Release|Any CPU
		{3D5B5EC1-0DEA-42CC-AF41-E34771B8AF8F}.Debug|Any CPU.ActiveCfg = Debug|Any CPU
		{3D5B5EC1-0DEA-42CC-AF41-E34771B8AF8F}.Debug|Any CPU.Build.0 = Debug|Any CPU
		{3D5B5EC1-0DEA-42CC-AF41-E34771B8AF8F}.Release|Any CPU.ActiveCfg = Release|Any CPU
		{3D5B5EC1-0DEA-42CC-AF41-E34771B8AF8F}.Release|Any CPU.Build.0 = Release|Any CPU
		{76646D7B-EA74-4249-9932-2E9C3B63CF17}.Debug|Any CPU.ActiveCfg = Debug|Any CPU
		{76646D7B-EA74-4249-9932-2E9C3B63CF17}.Debug|Any CPU.Build.0 = Debug|Any CPU
		{76646D7B-EA74-4249-9932-2E9C3B63CF17}.Release|Any CPU.ActiveCfg = Release|Any CPU
		{76646D7B-EA74-4249-9932-2E9C3B63CF17}.Release|Any CPU.Build.0 = Release|Any CPU
		{872AFB49-0F59-4D17-848D-A9C6D5DF610D}.Debug|Any CPU.ActiveCfg = Debug|Any CPU
		{872AFB49-0F59-4D17-848D-A9C6D5DF610D}.Debug|Any CPU.Build.0 = Debug|Any CPU
		{872AFB49-0F59-4D17-848D-A9C6D5DF610D}.Release|Any CPU.ActiveCfg = Release|Any CPU
		{872AFB49-0F59-4D17-848D-A9C6D5DF610D}.Release|Any CPU.Build.0 = Release|Any CPU
	EndGlobalSection
	GlobalSection(SolutionProperties) = preSolution
		HideSolutionNode = FALSE
	EndGlobalSection
	GlobalSection(ExtensibilityGlobals) = postSolution
		SolutionGuid = {B2DE5D87-9A32-46D3-A738-15A62DF1655D}
	EndGlobalSection
EndGlobal
