Microsoft Visual Studio Solution File, Format Version 12.00
# Visual Studio Version 16
VisualStudioVersion = 16.0.30128.74
MinimumVisualStudioVersion = 10.0.40219.1
Project("{9A19103F-16F7-4668-BE54-9A1E7A4F7556}") = "SaveFileLogNAS", "..\src\SaveFileLogNAS\SaveFileLogNAS.csproj", "{620EA00F-1539-43A8-955B-EC95EF8E492A}"
EndProject
Project("{9A19103F-16F7-4668-BE54-9A1E7A4F7556}") = "SaveFileLogNAS.Tests", "..\src\SaveFileLogNAS.Tests\SaveFileLogNAS.Tests.csproj", "{50343708-D187-43D8-B5DE-293D0644EB68}"
EndProject
Project("{9A19103F-16F7-4668-BE54-9A1E7A4F7556}") = "Common", "..\src\Common\Common.csproj", "{C007D19C-35F2-4C55-9DBA-D9FA3A712E50}"
EndProject
Project("{9A19103F-16F7-4668-BE54-9A1E7A4F7556}") = "Common.Tests", "..\src\Common.Tests\Common.Tests.csproj", "{3D5B5EC1-0DEA-42CC-AF41-E34771B8AF8F}"
EndProject
Global
	GlobalSection(SolutionConfigurationPlatforms) = preSolution
		Debug|Any CPU = Debug|Any CPU
		Release|Any CPU = Release|Any CPU
	EndGlobalSection
	GlobalSection(ProjectConfigurationPlatforms) = postSolution
		{620EA00F-1539-43A8-955B-EC95EF8E492A}.Debug|Any CPU.ActiveCfg = Debug|Any CPU
		{620EA00F-1539-43A8-955B-EC95EF8E492A}.Debug|Any CPU.Build.0 = Debug|Any CPU
		{620EA00F-1539-43A8-955B-EC95EF8E492A}.Release|Any CPU.ActiveCfg = Release|Any CPU
		{620EA00F-1539-43A8-955B-EC95EF8E492A}.Release|Any CPU.Build.0 = Release|Any CPU
		{50343708-D187-43D8-B5DE-293D0644EB68}.Debug|Any CPU.ActiveCfg = Debug|Any CPU
		{50343708-D187-43D8-B5DE-293D0644EB68}.Debug|Any CPU.Build.0 = Debug|Any CPU
		{50343708-D187-43D8-B5DE-293D0644EB68}.Release|Any CPU.ActiveCfg = Release|Any CPU
		{50343708-D187-43D8-B5DE-293D0644EB68}.Release|Any CPU.Build.0 = Release|Any CPU
		{C007D19C-35F2-4C55-9DBA-D9FA3A712E50}.Debug|Any CPU.ActiveCfg = Debug|Any CPU
		{C007D19C-35F2-4C55-9DBA-D9FA3A712E50}.Debug|Any CPU.Build.0 = Debug|Any CPU
		{C007D19C-35F2-4C55-9DBA-D9FA3A712E50}.Release|Any CPU.ActiveCfg = Release|Any CPU
		{C007D19C-35F2-4C55-9DBA-D9FA3A712E50}.Release|Any CPU.Build.0 = Release|Any CPU
		{3D5B5EC1-0DEA-42CC-AF41-E34771B8AF8F}.Debug|Any CPU.ActiveCfg = Debug|Any CPU
		{3D5B5EC1-0DEA-42CC-AF41-E34771B8AF8F}.Debug|Any CPU.Build.0 = Debug|Any CPU
		{3D5B5EC1-0DEA-42CC-AF41-E34771B8AF8F}.Release|Any CPU.ActiveCfg = Release|Any CPU
		{3D5B5EC1-0DEA-42CC-AF41-E34771B8AF8F}.Release|Any CPU.Build.0 = Release|Any CPU
	EndGlobalSection
	GlobalSection(SolutionProperties) = preSolution
		HideSolutionNode = FALSE
	EndGlobalSection
	GlobalSection(ExtensibilityGlobals) = postSolution
		SolutionGuid = {B2DE5D87-9A32-46D3-A738-15A62DF1655D}
	EndGlobalSection
EndGlobal
